
Microsoft Visual Studio Solution File, Format Version 12.00
# Visual Studio Version 17
VisualStudioVersion = 17.0.31903.59
MinimumVisualStudioVersion = 10.0.40219.1
Project("{FAE04EC0-301F-11D3-BF4B-00C04F79EFBC}") = "SQLBI.Whiteboard.Core", "src\SQLBI.Whiteboard.Core\SQLBI.Whiteboard.Core.csproj", "{2FBD8067-C77F-4F5B-87C5-314423EE9C9D}"
EndProject
Project("{FAE04EC0-301F-11D3-BF4B-00C04F79EFBC}") = "SQLBI.Whiteboard.Dax", "src\SQLBI.Whiteboard.Dax\SQLBI.Whiteboard.Dax.csproj", "{48A8D0B7-3C3F-4B16-92CD-3A8B7352F7E1}"
EndProject
Project("{FAE04EC0-301F-11D3-BF4B-00C04F79EFBC}") = "SQLBI.Whiteboard.SqlServer", "src\SQLBI.Whiteboard.SqlServer\SQLBI.Whiteboard.SqlServer.csproj", "{B2B15228-5085-4652-B7C7-F82F3781A486}"
EndProject
Project("{FAE04EC0-301F-11D3-BF4B-00C04F79EFBC}") = "SQLBI.Whiteboard.Core.SmokeTests", "tests\SQLBI.Whiteboard.Core.SmokeTests\SQLBI.Whiteboard.Core.SmokeTests.csproj", "{53EF7855-88C7-4D6A-A194-4AF36CF10615}"
EndProject
Project("{FAE04EC0-301F-11D3-BF4B-00C04F79EFBC}") = "SQLBI.Whiteboard", "src\SQLBI.Whiteboard\SQLBI.Whiteboard.csproj", "{C9300257-0FA9-47E5-B719-F8C957FE5427}"
EndProject
Project("{FAE04EC0-301F-11D3-BF4B-00C04F79EFBC}") = "SQLBI.Whiteboard.CalligraphyPrototype", "prototypes\SQLBI.Whiteboard.CalligraphyPrototype\SQLBI.Whiteboard.CalligraphyPrototype.csproj", "{B45B0BC9-F1F4-4F2F-A71D-9F73C7935512}"
EndProject
Project("{FAE04EC0-301F-11D3-BF4B-00C04F79EFBC}") = "SQLBI.Whiteboard.ThumbnailHandler", "src\SQLBI.Whiteboard.ThumbnailHandler\SQLBI.Whiteboard.ThumbnailHandler.csproj", "{D4E8A1C0-7B52-4F19-9E6A-3C81D0F4A257}"
EndProject
Project("{2150E333-8FDC-42A3-9474-1A3956D46DE8}") = "src", "src", "{827E0CD3-B72D-47B6-A68D-7590B98EB39B}"
EndProject
Project("{FAE04EC0-301F-11D3-BF4B-00C04F79EFBC}") = "SQLBI.Whiteboard.Export", "src\SQLBI.Whiteboard.Export\SQLBI.Whiteboard.Export.csproj", "{EE24F5C6-7C34-4613-8C82-DF34418E2B03}"
EndProject
Global
	GlobalSection(SolutionConfigurationPlatforms) = preSolution
		Debug|x64 = Debug|x64
		Debug|Any CPU = Debug|Any CPU
		Debug|x86 = Debug|x86
		Release|x64 = Release|x64
		Release|Any CPU = Release|Any CPU
		Release|x86 = Release|x86
	EndGlobalSection
	GlobalSection(ProjectConfigurationPlatforms) = postSolution
		{2FBD8067-C77F-4F5B-87C5-314423EE9C9D}.Debug|x64.ActiveCfg = Debug|Any CPU
		{2FBD8067-C77F-4F5B-87C5-314423EE9C9D}.Debug|x64.Build.0 = Debug|Any CPU
		{2FBD8067-C77F-4F5B-87C5-314423EE9C9D}.Debug|Any CPU.ActiveCfg = Debug|Any CPU
		{2FBD8067-C77F-4F5B-87C5-314423EE9C9D}.Debug|Any CPU.Build.0 = Debug|Any CPU
		{2FBD8067-C77F-4F5B-87C5-314423EE9C9D}.Debug|x86.ActiveCfg = Debug|Any CPU
		{2FBD8067-C77F-4F5B-87C5-314423EE9C9D}.Debug|x86.Build.0 = Debug|Any CPU
		{2FBD8067-C77F-4F5B-87C5-314423EE9C9D}.Release|x64.ActiveCfg = Release|Any CPU
		{2FBD8067-C77F-4F5B-87C5-314423EE9C9D}.Release|x64.Build.0 = Release|Any CPU
		{2FBD8067-C77F-4F5B-87C5-314423EE9C9D}.Release|Any CPU.ActiveCfg = Release|Any CPU
		{2FBD8067-C77F-4F5B-87C5-314423EE9C9D}.Release|Any CPU.Build.0 = Release|Any CPU
		{2FBD8067-C77F-4F5B-87C5-314423EE9C9D}.Release|x86.ActiveCfg = Release|Any CPU
		{2FBD8067-C77F-4F5B-87C5-314423EE9C9D}.Release|x86.Build.0 = Release|Any CPU
		{48A8D0B7-3C3F-4B16-92CD-3A8B7352F7E1}.Debug|x64.ActiveCfg = Debug|Any CPU
		{48A8D0B7-3C3F-4B16-92CD-3A8B7352F7E1}.Debug|x64.Build.0 = Debug|Any CPU
		{48A8D0B7-3C3F-4B16-92CD-3A8B7352F7E1}.Debug|Any CPU.ActiveCfg = Debug|Any CPU
		{48A8D0B7-3C3F-4B16-92CD-3A8B7352F7E1}.Debug|Any CPU.Build.0 = Debug|Any CPU
		{48A8D0B7-3C3F-4B16-92CD-3A8B7352F7E1}.Debug|x86.ActiveCfg = Debug|Any CPU
		{48A8D0B7-3C3F-4B16-92CD-3A8B7352F7E1}.Debug|x86.Build.0 = Debug|Any CPU
		{48A8D0B7-3C3F-4B16-92CD-3A8B7352F7E1}.Release|x64.ActiveCfg = Release|Any CPU
		{48A8D0B7-3C3F-4B16-92CD-3A8B7352F7E1}.Release|x64.Build.0 = Release|Any CPU
		{48A8D0B7-3C3F-4B16-92CD-3A8B7352F7E1}.Release|Any CPU.ActiveCfg = Release|Any CPU
		{48A8D0B7-3C3F-4B16-92CD-3A8B7352F7E1}.Release|Any CPU.Build.0 = Release|Any CPU
		{48A8D0B7-3C3F-4B16-92CD-3A8B7352F7E1}.Release|x86.ActiveCfg = Release|Any CPU
		{48A8D0B7-3C3F-4B16-92CD-3A8B7352F7E1}.Release|x86.Build.0 = Release|Any CPU
		{B2B15228-5085-4652-B7C7-F82F3781A486}.Debug|x64.ActiveCfg = Debug|Any CPU
		{B2B15228-5085-4652-B7C7-F82F3781A486}.Debug|x64.Build.0 = Debug|Any CPU
		{B2B15228-5085-4652-B7C7-F82F3781A486}.Debug|Any CPU.ActiveCfg = Debug|Any CPU
		{B2B15228-5085-4652-B7C7-F82F3781A486}.Debug|Any CPU.Build.0 = Debug|Any CPU
		{B2B15228-5085-4652-B7C7-F82F3781A486}.Debug|x86.ActiveCfg = Debug|Any CPU
		{B2B15228-5085-4652-B7C7-F82F3781A486}.Debug|x86.Build.0 = Debug|Any CPU
		{B2B15228-5085-4652-B7C7-F82F3781A486}.Release|x64.ActiveCfg = Release|Any CPU
		{B2B15228-5085-4652-B7C7-F82F3781A486}.Release|x64.Build.0 = Release|Any CPU
		{B2B15228-5085-4652-B7C7-F82F3781A486}.Release|Any CPU.ActiveCfg = Release|Any CPU
		{B2B15228-5085-4652-B7C7-F82F3781A486}.Release|Any CPU.Build.0 = Release|Any CPU
		{B2B15228-5085-4652-B7C7-F82F3781A486}.Release|x86.ActiveCfg = Release|Any CPU
		{B2B15228-5085-4652-B7C7-F82F3781A486}.Release|x86.Build.0 = Release|Any CPU
		{53EF7855-88C7-4D6A-A194-4AF36CF10615}.Debug|x64.ActiveCfg = Debug|Any CPU
		{53EF7855-88C7-4D6A-A194-4AF36CF10615}.Debug|x64.Build.0 = Debug|Any CPU
		{53EF7855-88C7-4D6A-A194-4AF36CF10615}.Debug|Any CPU.ActiveCfg = Debug|Any CPU
		{53EF7855-88C7-4D6A-A194-4AF36CF10615}.Debug|Any CPU.Build.0 = Debug|Any CPU
		{53EF7855-88C7-4D6A-A194-4AF36CF10615}.Debug|x86.ActiveCfg = Debug|Any CPU
		{53EF7855-88C7-4D6A-A194-4AF36CF10615}.Debug|x86.Build.0 = Debug|Any CPU
		{53EF7855-88C7-4D6A-A194-4AF36CF10615}.Release|x64.ActiveCfg = Release|Any CPU
		{53EF7855-88C7-4D6A-A194-4AF36CF10615}.Release|x64.Build.0 = Release|Any CPU
		{53EF7855-88C7-4D6A-A194-4AF36CF10615}.Release|Any CPU.ActiveCfg = Release|Any CPU
		{53EF7855-88C7-4D6A-A194-4AF36CF10615}.Release|Any CPU.Build.0 = Release|Any CPU
		{53EF7855-88C7-4D6A-A194-4AF36CF10615}.Release|x86.ActiveCfg = Release|Any CPU
		{53EF7855-88C7-4D6A-A194-4AF36CF10615}.Release|x86.Build.0 = Release|Any CPU
		{C9300257-0FA9-47E5-B719-F8C957FE5427}.Debug|x64.ActiveCfg = Debug|Any CPU
		{C9300257-0FA9-47E5-B719-F8C957FE5427}.Debug|x64.Build.0 = Debug|Any CPU
		{C9300257-0FA9-47E5-B719-F8C957FE5427}.Debug|Any CPU.ActiveCfg = Debug|Any CPU
		{C9300257-0FA9-47E5-B719-F8C957FE5427}.Debug|Any CPU.Build.0 = Debug|Any CPU
		{C9300257-0FA9-47E5-B719-F8C957FE5427}.Debug|x86.ActiveCfg = Debug|Any CPU
		{C9300257-0FA9-47E5-B719-F8C957FE5427}.Debug|x86.Build.0 = Debug|Any CPU
		{C9300257-0FA9-47E5-B719-F8C957FE5427}.Release|x64.ActiveCfg = Release|Any CPU
		{C9300257-0FA9-47E5-B719-F8C957FE5427}.Release|x64.Build.0 = Release|Any CPU
		{C9300257-0FA9-47E5-B719-F8C957FE5427}.Release|Any CPU.ActiveCfg = Release|Any CPU
		{C9300257-0FA9-47E5-B719-F8C957FE5427}.Release|Any CPU.Build.0 = Release|Any CPU
		{C9300257-0FA9-47E5-B719-F8C957FE5427}.Release|x86.ActiveCfg = Release|Any CPU
		{C9300257-0FA9-47E5-B719-F8C957FE5427}.Release|x86.Build.0 = Release|Any CPU
		{B45B0BC9-F1F4-4F2F-A71D-9F73C7935512}.Debug|x64.ActiveCfg = Debug|Any CPU
		{B45B0BC9-F1F4-4F2F-A71D-9F73C7935512}.Debug|x64.Build.0 = Debug|Any CPU
		{B45B0BC9-F1F4-4F2F-A71D-9F73C7935512}.Debug|Any CPU.ActiveCfg = Debug|Any CPU
		{B45B0BC9-F1F4-4F2F-A71D-9F73C7935512}.Debug|Any CPU.Build.0 = Debug|Any CPU
		{B45B0BC9-F1F4-4F2F-A71D-9F73C7935512}.Debug|x86.ActiveCfg = Debug|Any CPU
		{B45B0BC9-F1F4-4F2F-A71D-9F73C7935512}.Debug|x86.Build.0 = Debug|Any CPU
		{B45B0BC9-F1F4-4F2F-A71D-9F73C7935512}.Release|x64.ActiveCfg = Release|Any CPU
		{B45B0BC9-F1F4-4F2F-A71D-9F73C7935512}.Release|x64.Build.0 = Release|Any CPU
		{B45B0BC9-F1F4-4F2F-A71D-9F73C7935512}.Release|Any CPU.ActiveCfg = Release|Any CPU
		{B45B0BC9-F1F4-4F2F-A71D-9F73C7935512}.Release|Any CPU.Build.0 = Release|Any CPU
		{B45B0BC9-F1F4-4F2F-A71D-9F73C7935512}.Release|x86.ActiveCfg = Release|Any CPU
		{B45B0BC9-F1F4-4F2F-A71D-9F73C7935512}.Release|x86.Build.0 = Release|Any CPU
		{D4E8A1C0-7B52-4F19-9E6A-3C81D0F4A257}.Debug|x64.ActiveCfg = Debug|Any CPU
		{D4E8A1C0-7B52-4F19-9E6A-3C81D0F4A257}.Debug|x64.Build.0 = Debug|Any CPU
		{D4E8A1C0-7B52-4F19-9E6A-3C81D0F4A257}.Debug|Any CPU.ActiveCfg = Debug|Any CPU
		{D4E8A1C0-7B52-4F19-9E6A-3C81D0F4A257}.Debug|Any CPU.Build.0 = Debug|Any CPU
		{D4E8A1C0-7B52-4F19-9E6A-3C81D0F4A257}.Debug|x86.ActiveCfg = Debug|Any CPU
		{D4E8A1C0-7B52-4F19-9E6A-3C81D0F4A257}.Debug|x86.Build.0 = Debug|Any CPU
		{D4E8A1C0-7B52-4F19-9E6A-3C81D0F4A257}.Release|x64.ActiveCfg = Release|Any CPU
		{D4E8A1C0-7B52-4F19-9E6A-3C81D0F4A257}.Release|x64.Build.0 = Release|Any CPU
		{D4E8A1C0-7B52-4F19-9E6A-3C81D0F4A257}.Release|Any CPU.ActiveCfg = Release|Any CPU
		{D4E8A1C0-7B52-4F19-9E6A-3C81D0F4A257}.Release|Any CPU.Build.0 = Release|Any CPU
		{D4E8A1C0-7B52-4F19-9E6A-3C81D0F4A257}.Release|x86.ActiveCfg = Release|Any CPU
		{D4E8A1C0-7B52-4F19-9E6A-3C81D0F4A257}.Release|x86.Build.0 = Release|Any CPU
		{EE24F5C6-7C34-4613-8C82-DF34418E2B03}.Debug|x64.ActiveCfg = Debug|Any CPU
		{EE24F5C6-7C34-4613-8C82-DF34418E2B03}.Debug|x64.Build.0 = Debug|Any CPU
		{EE24F5C6-7C34-4613-8C82-DF34418E2B03}.Debug|Any CPU.ActiveCfg = Debug|Any CPU
		{EE24F5C6-7C34-4613-8C82-DF34418E2B03}.Debug|Any CPU.Build.0 = Debug|Any CPU
		{EE24F5C6-7C34-4613-8C82-DF34418E2B03}.Debug|x86.ActiveCfg = Debug|Any CPU
		{EE24F5C6-7C34-4613-8C82-DF34418E2B03}.Debug|x86.Build.0 = Debug|Any CPU
		{EE24F5C6-7C34-4613-8C82-DF34418E2B03}.Release|x64.ActiveCfg = Release|Any CPU
		{EE24F5C6-7C34-4613-8C82-DF34418E2B03}.Release|x64.Build.0 = Release|Any CPU
		{EE24F5C6-7C34-4613-8C82-DF34418E2B03}.Release|Any CPU.ActiveCfg = Release|Any CPU
		{EE24F5C6-7C34-4613-8C82-DF34418E2B03}.Release|Any CPU.Build.0 = Release|Any CPU
		{EE24F5C6-7C34-4613-8C82-DF34418E2B03}.Release|x86.ActiveCfg = Release|Any CPU
		{EE24F5C6-7C34-4613-8C82-DF34418E2B03}.Release|x86.Build.0 = Release|Any CPU
	EndGlobalSection
	GlobalSection(SolutionProperties) = preSolution
		HideSolutionNode = FALSE
	EndGlobalSection
	GlobalSection(NestedProjects) = preSolution
		{EE24F5C6-7C34-4613-8C82-DF34418E2B03} = {827E0CD3-B72D-47B6-A68D-7590B98EB39B}
	EndGlobalSection
EndGlobal
